// !$*UTF8*$!
{
	archiveVersion = 1;
	classes = {
	};
	objectVersion = 77;
	objects = {

/* Begin PBXContainerItemProxy section */
		EA60EF3D2D09D06000B745B6 /* PBXContainerItemProxy */ = {
			isa = PBXContainerItemProxy;
			containerPortal = EA60EF232D09D05F00B745B6 /* Project object */;
			proxyType = 1;
			remoteGlobalIDString = EA60EF2A2D09D05F00B745B6;
			remoteInfo = BattleShip;
		};
		EA60EF472D09D06000B745B6 /* PBXContainerItemProxy */ = {
			isa = PBXContainerItemProxy;
			containerPortal = EA60EF232D09D05F00B745B6 /* Project object */;
			proxyType = 1;
			remoteGlobalIDString = EA60EF2A2D09D05F00B745B6;
			remoteInfo = BattleShip;
		};
/* End PBXContainerItemProxy section */

/* Begin PBXFileReference section */
		EA60EF2B2D09D05F00B745B6 /* BattleShip.app */ = {isa = PBXFileReference; explicitFileType = wrapper.application; includeInIndex = 0; path = BattleShip.app; sourceTree = BUILT_PRODUCTS_DIR; };
		EA60EF3C2D09D06000B745B6 /* BattleShipTests.xctest */ = {isa = PBXFileReference; explicitFileType = wrapper.cfbundle; includeInIndex = 0; path = BattleShipTests.xctest; sourceTree = BUILT_PRODUCTS_DIR; };
		EA60EF462D09D06000B745B6 /* BattleShipUITests.xctest */ = {isa = PBXFileReference; explicitFileType = wrapper.cfbundle; includeInIndex = 0; path = BattleShipUITests.xctest; sourceTree = BUILT_PRODUCTS_DIR; };
/* End PBXFileReference section */

/* Begin PBXFileSystemSynchronizedBuildFileExceptionSet section */
		EABEF3DF2D3D709800A488CD /* Exceptions for "BattleShip" folder in "BattleShip" target */ = {
			isa = PBXFileSystemSynchronizedBuildFileExceptionSet;
			membershipExceptions = (
				Info.plist,
			);
			target = EA60EF2A2D09D05F00B745B6 /* BattleShip */;
		};
/* End PBXFileSystemSynchronizedBuildFileExceptionSet section */

/* Begin PBXFileSystemSynchronizedRootGroup section */
		EA60EF2D2D09D05F00B745B6 /* BattleShip */ = {
			isa = PBXFileSystemSynchronizedRootGroup;
			exceptions = (
				EABEF3DF2D3D709800A488CD /* Exceptions for "BattleShip" folder in "BattleShip" target */,
			);
			path = BattleShip;
			sourceTree = "<group>";
		};
		EA60EF3F2D09D06000B745B6 /* BattleShipTests */ = {
			isa = PBXFileSystemSynchronizedRootGroup;
			path = BattleShipTests;
			sourceTree = "<group>";
		};
		EA60EF492D09D06000B745B6 /* BattleShipUITests */ = {
			isa = PBXFileSystemSynchronizedRootGroup;
			path = BattleShipUITests;
			sourceTree = "<group>";
		};
/* End PBXFileSystemSynchronizedRootGroup section */

/* Begin PBXFrameworksBuildPhase section */
		EA60EF282D09D05F00B745B6 /* Frameworks */ = {
			isa = PBXFrameworksBuildPhase;
			buildActionMask = 2147483647;
			files = (
			);
			runOnlyForDeploymentPostprocessing = 0;
		};
		EA60EF392D09D06000B745B6 /* Frameworks */ = {
			isa = PBXFrameworksBuildPhase;
			buildActionMask = 2147483647;
			files = (
			);
			runOnlyForDeploymentPostprocessing = 0;
		};
		EA60EF432D09D06000B745B6 /* Frameworks */ = {
			isa = PBXFrameworksBuildPhase;
			buildActionMask = 2147483647;
			files = (
			);
			runOnlyForDeploymentPostprocessing = 0;
		};
/* End PBXFrameworksBuildPhase section */

/* Begin PBXGroup section */
		EA60EF222D09D05F00B745B6 = {
			isa = PBXGroup;
			children = (
				EA60EF2D2D09D05F00B745B6 /* BattleShip */,
				EA60EF3F2D09D06000B745B6 /* BattleShipTests */,
				EA60EF492D09D06000B745B6 /* BattleShipUITests */,
				EA60EF2C2D09D05F00B745B6 /* Products */,
			);
			sourceTree = "<group>";
		};
		EA60EF2C2D09D05F00B745B6 /* Products */ = {
			isa = PBXGroup;
			children = (
				EA60EF2B2D09D05F00B745B6 /* BattleShip.app */,
				EA60EF3C2D09D06000B745B6 /* BattleShipTests.xctest */,
				EA60EF462D09D06000B745B6 /* BattleShipUITests.xctest */,
			);
			name = Products;
			sourceTree = "<group>";
		};
/* End PBXGroup section */

/* Begin PBXNativeTarget section */
		EA60EF2A2D09D05F00B745B6 /* BattleShip */ = {
			isa = PBXNativeTarget;
			buildConfigurationList = EA60EF502D09D06000B745B6 /* Build configuration list for PBXNativeTarget "BattleShip" */;
			buildPhases = (
				EA60EF272D09D05F00B745B6 /* Sources */,
				EA60EF282D09D05F00B745B6 /* Frameworks */,
				EA60EF292D09D05F00B745B6 /* Resources */,
			);
			buildRules = (
			);
			dependencies = (
			);
			fileSystemSynchronizedGroups = (
				EA60EF2D2D09D05F00B745B6 /* BattleShip */,
			);
			name = BattleShip;
			packageProductDependencies = (
			);
			productName = BattleShip;
			productReference = EA60EF2B2D09D05F00B745B6 /* BattleShip.app */;
			productType = "com.apple.product-type.application";
		};
		EA60EF3B2D09D06000B745B6 /* BattleShipTests */ = {
			isa = PBXNativeTarget;
			buildConfigurationList = EA60EF532D09D06000B745B6 /* Build configuration list for PBXNativeTarget "BattleShipTests" */;
			buildPhases = (
				EA60EF382D09D06000B745B6 /* Sources */,
				EA60EF392D09D06000B745B6 /* Frameworks */,
				EA60EF3A2D09D06000B745B6 /* Resources */,
			);
			buildRules = (
			);
			dependencies = (
				EA60EF3E2D09D06000B745B6 /* PBXTargetDependency */,
			);
			fileSystemSynchronizedGroups = (
				EA60EF3F2D09D06000B745B6 /* BattleShipTests */,
			);
			name = BattleShipTests;
			packageProductDependencies = (
			);
			productName = BattleShipTests;
			productReference = EA60EF3C2D09D06000B745B6 /* BattleShipTests.xctest */;
			productType = "com.apple.product-type.bundle.unit-test";
		};
		EA60EF452D09D06000B745B6 /* BattleShipUITests */ = {
			isa = PBXNativeTarget;
			buildConfigurationList = EA60EF562D09D06000B745B6 /* Build configuration list for PBXNativeTarget "BattleShipUITests" */;
			buildPhases = (
				EA60EF422D09D06000B745B6 /* Sources */,
				EA60EF432D09D06000B745B6 /* Frameworks */,
				EA60EF442D09D06000B745B6 /* Resources */,
			);
			buildRules = (
			);
			dependencies = (
				EA60EF482D09D06000B745B6 /* PBXTargetDependency */,
			);
			fileSystemSynchronizedGroups = (
				EA60EF492D09D06000B745B6 /* BattleShipUITests */,
			);
			name = BattleShipUITests;
			packageProductDependencies = (
			);
			productName = BattleShipUITests;
			productReference = EA60EF462D09D06000B745B6 /* BattleShipUITests.xctest */;
			productType = "com.apple.product-type.bundle.ui-testing";
		};
/* End PBXNativeTarget section */

/* Begin PBXProject section */
		EA60EF232D09D05F00B745B6 /* Project object */ = {
			isa = PBXProject;
			attributes = {
				BuildIndependentTargetsInParallel = 1;
				LastSwiftUpdateCheck = 1610;
				LastUpgradeCheck = 1620;
				TargetAttributes = {
					EA60EF2A2D09D05F00B745B6 = {
						CreatedOnToolsVersion = 16.1;
					};
					EA60EF3B2D09D06000B745B6 = {
						CreatedOnToolsVersion = 16.1;
						TestTargetID = EA60EF2A2D09D05F00B745B6;
					};
					EA60EF452D09D06000B745B6 = {
						CreatedOnToolsVersion = 16.1;
						TestTargetID = EA60EF2A2D09D05F00B745B6;
					};
				};
			};
			buildConfigurationList = EA60EF262D09D05F00B745B6 /* Build configuration list for PBXProject "BattleShip" */;
			developmentRegion = en;
			hasScannedForEncodings = 0;
			knownRegions = (
				en,
				Base,
			);
			mainGroup = EA60EF222D09D05F00B745B6;
			minimizedProjectReferenceProxies = 1;
			preferredProjectObjectVersion = 77;
			productRefGroup = EA60EF2C2D09D05F00B745B6 /* Products */;
			projectDirPath = "";
			projectRoot = "";
			targets = (
				EA60EF2A2D09D05F00B745B6 /* BattleShip */,
				EA60EF3B2D09D06000B745B6 /* BattleShipTests */,
				EA60EF452D09D06000B745B6 /* BattleShipUITests */,
			);
		};
/* End PBXProject section */

/* Begin PBXResourcesBuildPhase section */
		EA60EF292D09D05F00B745B6 /* Resources */ = {
			isa = PBXResourcesBuildPhase;
			buildActionMask = 2147483647;
			files = (
			);
			runOnlyForDeploymentPostprocessing = 0;
		};
		EA60EF3A2D09D06000B745B6 /* Resources */ = {
			isa = PBXResourcesBuildPhase;
			buildActionMask = 2147483647;
			files = (
			);
			runOnlyForDeploymentPostprocessing = 0;
		};
		EA60EF442D09D06000B745B6 /* Resources */ = {
			isa = PBXResourcesBuildPhase;
			buildActionMask = 2147483647;
			files = (
			);
			runOnlyForDeploymentPostprocessing = 0;
		};
/* End PBXResourcesBuildPhase section */

/* Begin PBXSourcesBuildPhase section */
		EA60EF272D09D05F00B745B6 /* Sources */ = {
			isa = PBXSourcesBuildPhase;
			buildActionMask = 2147483647;
			files = (
			);
			runOnlyForDeploymentPostprocessing = 0;
		};
		EA60EF382D09D06000B745B6 /* Sources */ = {
			isa = PBXSourcesBuildPhase;
			buildActionMask = 2147483647;
			files = (
			);
			runOnlyForDeploymentPostprocessing = 0;
		};
		EA60EF422D09D06000B745B6 /* Sources */ = {
			isa = PBXSourcesBuildPhase;
			buildActionMask = 2147483647;
			files = (
			);
			runOnlyForDeploymentPostprocessing = 0;
		};
/* End PBXSourcesBuildPhase section */

/* Begin PBXTargetDependency section */
		EA60EF3E2D09D06000B745B6 /* PBXTargetDependency */ = {
			isa = PBXTargetDependency;
			target = EA60EF2A2D09D05F00B745B6 /* BattleShip */;
			targetProxy = EA60EF3D2D09D06000B745B6 /* PBXContainerItemProxy */;
		};
		EA60EF482D09D06000B745B6 /* PBXTargetDependency */ = {
			isa = PBXTargetDependency;
			target = EA60EF2A2D09D05F00B745B6 /* BattleShip */;
			targetProxy = EA60EF472D09D06000B745B6 /* PBXContainerItemProxy */;
		};
/* End PBXTargetDependency section */

/* Begin XCBuildConfiguration section */
		EA60EF4E2D09D06000B745B6 /* Debug */ = {
			isa = XCBuildConfiguration;
			buildSettings = {
				ALWAYS_SEARCH_USER_PATHS = NO;
				ASSETCATALOG_COMPILER_GENERATE_SWIFT_ASSET_SYMBOL_EXTENSIONS = YES;
				CLANG_ANALYZER_NONNULL = YES;
				CLANG_ANALYZER_NUMBER_OBJECT_CONVERSION = YES_AGGRESSIVE;
				CLANG_CXX_LANGUAGE_STANDARD = "gnu++20";
				CLANG_ENABLE_MODULES = YES;
				CLANG_ENABLE_OBJC_ARC = YES;
				CLANG_ENABLE_OBJC_WEAK = YES;
				CLANG_WARN_BLOCK_CAPTURE_AUTORELEASING = YES;
				CLANG_WARN_BOOL_CONVERSION = YES;
				CLANG_WARN_COMMA = YES;
				CLANG_WARN_CONSTANT_CONVERSION = YES;
				CLANG_WARN_DEPRECATED_OBJC_IMPLEMENTATIONS = YES;
				CLANG_WARN_DIRECT_OBJC_ISA_USAGE = YES_ERROR;
				CLANG_WARN_DOCUMENTATION_COMMENTS = YES;
				CLANG_WARN_EMPTY_BODY = YES;
				CLANG_WARN_ENUM_CONVERSION = YES;
				CLANG_WARN_INFINITE_RECURSION = YES;
				CLANG_WARN_INT_CONVERSION = YES;
				CLANG_WARN_NON_LITERAL_NULL_CONVERSION = YES;
				CLANG_WARN_OBJC_IMPLICIT_RETAIN_SELF = YES;
				CLANG_WARN_OBJC_LITERAL_CONVERSION = YES;
				CLANG_WARN_OBJC_ROOT_CLASS = YES_ERROR;
				CLANG_WARN_QUOTED_INCLUDE_IN_FRAMEWORK_HEADER = YES;
				CLANG_WARN_RANGE_LOOP_ANALYSIS = YES;
				CLANG_WARN_STRICT_PROTOTYPES = YES;
				CLANG_WARN_SUSPICIOUS_MOVE = YES;
				CLANG_WARN_UNGUARDED_AVAILABILITY = YES_AGGRESSIVE;
				CLANG_WARN_UNREACHABLE_CODE = YES;
				CLANG_WARN__DUPLICATE_METHOD_MATCH = YES;
				COPY_PHASE_STRIP = NO;
				DEAD_CODE_STRIPPING = YES;
				DEBUG_INFORMATION_FORMAT = dwarf;
				ENABLE_STRICT_OBJC_MSGSEND = YES;
				ENABLE_TESTABILITY = YES;
				ENABLE_USER_SCRIPT_SANDBOXING = YES;
				GCC_C_LANGUAGE_STANDARD = gnu17;
				GCC_DYNAMIC_NO_PIC = NO;
				GCC_NO_COMMON_BLOCKS = YES;
				GCC_OPTIMIZATION_LEVEL = 0;
				GCC_PREPROCESSOR_DEFINITIONS = (
					"DEBUG=1",
					"$(inherited)",
				);
				GCC_WARN_64_TO_32_BIT_CONVERSION = YES;
				GCC_WARN_ABOUT_RETURN_TYPE = YES_ERROR;
				GCC_WARN_UNDECLARED_SELECTOR = YES;
				GCC_WARN_UNINITIALIZED_AUTOS = YES_AGGRESSIVE;
				GCC_WARN_UNUSED_FUNCTION = YES;
				GCC_WARN_UNUSED_VARIABLE = YES;
				LOCALIZATION_PREFERS_STRING_CATALOGS = YES;
				MACOSX_DEPLOYMENT_TARGET = 15.1;
				MTL_ENABLE_DEBUG_INFO = INCLUDE_SOURCE;
				MTL_FAST_MATH = YES;
				ONLY_ACTIVE_ARCH = YES;
				SDKROOT = macosx;
				SWIFT_ACTIVE_COMPILATION_CONDITIONS = "DEBUG $(inherited)";
				SWIFT_OPTIMIZATION_LEVEL = "-Onone";
			};
			name = Debug;
		};
		EA60EF4F2D09D06000B745B6 /* Release */ = {
			isa = XCBuildConfiguration;
			buildSettings = {
				ALWAYS_SEARCH_USER_PATHS = NO;
				ASSETCATALOG_COMPILER_GENERATE_SWIFT_ASSET_SYMBOL_EXTENSIONS = YES;
				CLANG_ANALYZER_NONNULL = YES;
				CLANG_ANALYZER_NUMBER_OBJECT_CONVERSION = YES_AGGRESSIVE;
				CLANG_CXX_LANGUAGE_STANDARD = "gnu++20";
				CLANG_ENABLE_MODULES = YES;
				CLANG_ENABLE_OBJC_ARC = YES;
				CLANG_ENABLE_OBJC_WEAK = YES;
				CLANG_WARN_BLOCK_CAPTURE_AUTORELEASING = YES;
				CLANG_WARN_BOOL_CONVERSION = YES;
				CLANG_WARN_COMMA = YES;
				CLANG_WARN_CONSTANT_CONVERSION = YES;
				CLANG_WARN_DEPRECATED_OBJC_IMPLEMENTATIONS = YES;
				CLANG_WARN_DIRECT_OBJC_ISA_USAGE = YES_ERROR;
				CLANG_WARN_DOCUMENTATION_COMMENTS = YES;
				CLANG_WARN_EMPTY_BODY = YES;
				CLANG_WARN_ENUM_CONVERSION = YES;
				CLANG_WARN_INFINITE_RECURSION = YES;
				CLANG_WARN_INT_CONVERSION = YES;
				CLANG_WARN_NON_LITERAL_NULL_CONVERSION = YES;
				CLANG_WARN_OBJC_IMPLICIT_RETAIN_SELF = YES;
				CLANG_WARN_OBJC_LITERAL_CONVERSION = YES;
				CLANG_WARN_OBJC_ROOT_CLASS = YES_ERROR;
				CLANG_WARN_QUOTED_INCLUDE_IN_FRAMEWORK_HEADER = YES;
				CLANG_WARN_RANGE_LOOP_ANALYSIS = YES;
				CLANG_WARN_STRICT_PROTOTYPES = YES;
				CLANG_WARN_SUSPICIOUS_MOVE = YES;
				CLANG_WARN_UNGUARDED_AVAILABILITY = YES_AGGRESSIVE;
				CLANG_WARN_UNREACHABLE_CODE = YES;
				CLANG_WARN__DUPLICATE_METHOD_MATCH = YES;
				COPY_PHASE_STRIP = NO;
				DEAD_CODE_STRIPPING = YES;
				DEBUG_INFORMATION_FORMAT = "dwarf-with-dsym";
				ENABLE_NS_ASSERTIONS = NO;
				ENABLE_STRICT_OBJC_MSGSEND = YES;
				ENABLE_USER_SCRIPT_SANDBOXING = YES;
				GCC_C_LANGUAGE_STANDARD = gnu17;
				GCC_NO_COMMON_BLOCKS = YES;
				GCC_WARN_64_TO_32_BIT_CONVERSION = YES;
				GCC_WARN_ABOUT_RETURN_TYPE = YES_ERROR;
				GCC_WARN_UNDECLARED_SELECTOR = YES;
				GCC_WARN_UNINITIALIZED_AUTOS = YES_AGGRESSIVE;
				GCC_WARN_UNUSED_FUNCTION = YES;
				GCC_WARN_UNUSED_VARIABLE = YES;
				LOCALIZATION_PREFERS_STRING_CATALOGS = YES;
				MACOSX_DEPLOYMENT_TARGET = 15.1;
				MTL_ENABLE_DEBUG_INFO = NO;
				MTL_FAST_MATH = YES;
				SDKROOT = macosx;
				SWIFT_COMPILATION_MODE = wholemodule;
			};
			name = Release;
		};
		EA60EF512D09D06000B745B6 /* Debug */ = {
			isa = XCBuildConfiguration;
			buildSettings = {
				ASSETCATALOG_COMPILER_APPICON_NAME = AppIcon;
				ASSETCATALOG_COMPILER_GLOBAL_ACCENT_COLOR_NAME = AccentColor;
				CODE_SIGN_ENTITLEMENTS = BattleShip/BattleShip.entitlements;
				CODE_SIGN_STYLE = Automatic;
				COMBINE_HIDPI_IMAGES = YES;
				CURRENT_PROJECT_VERSION = 1;
				DEAD_CODE_STRIPPING = YES;
				DEVELOPMENT_ASSET_PATHS = "\"BattleShip/Preview Content\"";
				ENABLE_PREVIEWS = YES;
				GENERATE_INFOPLIST_FILE = YES;
				INFOPLIST_FILE = BattleShip/Info.plist;
				INFOPLIST_KEY_NSHumanReadableCopyright = "";
				LD_RUNPATH_SEARCH_PATHS = (
					"$(inherited)",
					"@executable_path/../Frameworks",
				);
				MARKETING_VERSION = 1.0;
				PRODUCT_BUNDLE_IDENTIFIER = serguei.BattleShip;
				PRODUCT_NAME = "$(TARGET_NAME)";
				SWIFT_EMIT_LOC_STRINGS = YES;
				SWIFT_VERSION = 5.0;
			};
			name = Debug;
		};
		EA60EF522D09D06000B745B6 /* Release */ = {
			isa = XCBuildConfiguration;
			buildSettings = {
				ASSETCATALOG_COMPILER_APPICON_NAME = AppIcon;
				ASSETCATALOG_COMPILER_GLOBAL_ACCENT_COLOR_NAME = AccentColor;
				CODE_SIGN_ENTITLEMENTS = BattleShip/BattleShip.entitlements;
				CODE_SIGN_STYLE = Automatic;
				COMBINE_HIDPI_IMAGES = YES;
				CURRENT_PROJECT_VERSION = 1;
				DEAD_CODE_STRIPPING = YES;
				DEVELOPMENT_ASSET_PATHS = "\"BattleShip/Preview Content\"";
				ENABLE_PREVIEWS = YES;
				GENERATE_INFOPLIST_FILE = YES;
				INFOPLIST_FILE = BattleShip/Info.plist;
				INFOPLIST_KEY_NSHumanReadableCopyright = "";
				LD_RUNPATH_SEARCH_PATHS = (
					"$(inherited)",
					"@executable_path/../Frameworks",
				);
				MARKETING_VERSION = 1.0;
				PRODUCT_BUNDLE_IDENTIFIER = serguei.BattleShip;
				PRODUCT_NAME = "$(TARGET_NAME)";
				SWIFT_EMIT_LOC_STRINGS = YES;
				SWIFT_VERSION = 5.0;
			};
			name = Release;
		};
		EA60EF542D09D06000B745B6 /* Debug */ = {
			isa = XCBuildConfiguration;
			buildSettings = {
				BUNDLE_LOADER = "$(TEST_HOST)";
				CODE_SIGN_STYLE = Automatic;
				CURRENT_PROJECT_VERSION = 1;
				DEAD_CODE_STRIPPING = YES;
				GENERATE_INFOPLIST_FILE = YES;
				MACOSX_DEPLOYMENT_TARGET = 15.1;
				MARKETING_VERSION = 1.0;
				PRODUCT_BUNDLE_IDENTIFIER = serguei.BattleShipTests;
				PRODUCT_NAME = "$(TARGET_NAME)";
				SWIFT_EMIT_LOC_STRINGS = NO;
				SWIFT_VERSION = 5.0;
				TEST_HOST = "$(BUILT_PRODUCTS_DIR)/BattleShip.app/$(BUNDLE_EXECUTABLE_FOLDER_PATH)/BattleShip";
			};
			name = Debug;
		};
		EA60EF552D09D06000B745B6 /* Release */ = {
			isa = XCBuildConfiguration;
			buildSettings = {
				BUNDLE_LOADER = "$(TEST_HOST)";
				CODE_SIGN_STYLE = Automatic;
				CURRENT_PROJECT_VERSION = 1;
				DEAD_CODE_STRIPPING = YES;
				GENERATE_INFOPLIST_FILE = YES;
				MACOSX_DEPLOYMENT_TARGET = 15.1;
				MARKETING_VERSION = 1.0;
				PRODUCT_BUNDLE_IDENTIFIER = serguei.BattleShipTests;
				PRODUCT_NAME = "$(TARGET_NAME)";
				SWIFT_EMIT_LOC_STRINGS = NO;
				SWIFT_VERSION = 5.0;
				TEST_HOST = "$(BUILT_PRODUCTS_DIR)/BattleShip.app/$(BUNDLE_EXECUTABLE_FOLDER_PATH)/BattleShip";
			};
			name = Release;
		};
		EA60EF572D09D06000B745B6 /* Debug */ = {
			isa = XCBuildConfiguration;
			buildSettings = {
				CODE_SIGN_STYLE = Automatic;
				CURRENT_PROJECT_VERSION = 1;
				DEAD_CODE_STRIPPING = YES;
				GENERATE_INFOPLIST_FILE = YES;
				MARKETING_VERSION = 1.0;
				PRODUCT_BUNDLE_IDENTIFIER = serguei.BattleShipUITests;
				PRODUCT_NAME = "$(TARGET_NAME)";
				SWIFT_EMIT_LOC_STRINGS = NO;
				SWIFT_VERSION = 5.0;
				TEST_TARGET_NAME = BattleShip;
			};
			name = Debug;
		};
		EA60EF582D09D06000B745B6 /* Release */ = {
			isa = XCBuildConfiguration;
			buildSettings = {
				CODE_SIGN_STYLE = Automatic;
				CURRENT_PROJECT_VERSION = 1;
				DEAD_CODE_STRIPPING = YES;
				GENERATE_INFOPLIST_FILE = YES;
				MARKETING_VERSION = 1.0;
				PRODUCT_BUNDLE_IDENTIFIER = serguei.BattleShipUITests;
				PRODUCT_NAME = "$(TARGET_NAME)";
				SWIFT_EMIT_LOC_STRINGS = NO;
				SWIFT_VERSION = 5.0;
				TEST_TARGET_NAME = BattleShip;
			};
			name = Release;
		};
/* End XCBuildConfiguration section */

/* Begin XCConfigurationList section */
		EA60EF262D09D05F00B745B6 /* Build configuration list for PBXProject "BattleShip" */ = {
			isa = XCConfigurationList;
			buildConfigurations = (
				EA60EF4E2D09D06000B745B6 /* Debug */,
				EA60EF4F2D09D06000B745B6 /* Release */,
			);
			defaultConfigurationIsVisible = 0;
			defaultConfigurationName = Release;
		};
		EA60EF502D09D06000B745B6 /* Build configuration list for PBXNativeTarget "BattleShip" */ = {
			isa = XCConfigurationList;
			buildConfigurations = (
				EA60EF512D09D06000B745B6 /* Debug */,
				EA60EF522D09D06000B745B6 /* Release */,
			);
			defaultConfigurationIsVisible = 0;
			defaultConfigurationName = Release;
		};
		EA60EF532D09D06000B745B6 /* Build configuration list for PBXNativeTarget "BattleShipTests" */ = {
			isa = XCConfigurationList;
			buildConfigurations = (
				EA60EF542D09D06000B745B6 /* Debug */,
				EA60EF552D09D06000B745B6 /* Release */,
			);
			defaultConfigurationIsVisible = 0;
			defaultConfigurationName = Release;
		};
		EA60EF562D09D06000B745B6 /* Build configuration list for PBXNativeTarget "BattleShipUITests" */ = {
			isa = XCConfigurationList;
			buildConfigurations = (
				EA60EF572D09D06000B745B6 /* Debug */,
				EA60EF582D09D06000B745B6 /* Release */,
			);
			defaultConfigurationIsVisible = 0;
			defaultConfigurationName = Release;
		};
/* End XCConfigurationList section */
	};
	rootObject = EA60EF232D09D05F00B745B6 /* Project object */;
}
